{
  "version": 4,
  "terraform_version": "1.2.1",
  "serial": 15,
  "lineage": "0b90edff-3a63-a64f-f1ce-e82cc9f0a52d",
  "outputs": {
    "nicid": {
      "value": [
        "/subscriptions/a3d75c10-c135-4e6b-8f4e-f22711d010ef/resourceGroups/harishRG/providers/Microsoft.Network/networkInterfaces/nic_count-1",
        "/subscriptions/a3d75c10-c135-4e6b-8f4e-f22711d010ef/resourceGroups/harishRG/providers/Microsoft.Network/networkInterfaces/nic_count-2",
        "/subscriptions/a3d75c10-c135-4e6b-8f4e-f22711d010ef/resourceGroups/harishRG/providers/Microsoft.Network/networkInterfaces/nic_count-3"
      ],
      "type": [
        "tuple",
        [
          "string",
          "string",
          "string"
        ]
      ]
    },
    "vsubid": {
      "value": "/subscriptions/a3d75c10-c135-4e6b-8f4e-f22711d010ef/resourceGroups/harishRG/providers/Microsoft.Network/virtualNetworks/harishvnet/subnets/harishsubnet",
      "type": "string"
    }
  },
  "resources": [
    {
      "module": "module.configuration1",
      "mode": "managed",
      "type": "azurerm_network_interface",
      "name": "nic",
      "provider": "provider[\"registry.terraform.io/hashicorp/azurerm\"]",
      "instances": [
        {
          "index_key": 0,
          "schema_version": 0,
          "attributes": {
            "applied_dns_servers": [],
            "dns_servers": [],
            "edge_zone": "",
            "enable_accelerated_networking": false,
            "enable_ip_forwarding": false,
            "id": "/subscriptions/a3d75c10-c135-4e6b-8f4e-f22711d010ef/resourceGroups/harishRG/providers/Microsoft.Network/networkInterfaces/nic_count-1",
            "internal_dns_name_label": "",
            "internal_domain_name_suffix": "kdcif4vjyayexjnehjasxvuwmb.bx.internal.cloudapp.net",
            "ip_configuration": [
              {
                "gateway_load_balancer_frontend_ip_configuration_id": "",
                "name": "hariship",
                "primary": true,
                "private_ip_address": "190.162.2.6",
                "private_ip_address_allocation": "Dynamic",
                "private_ip_address_version": "IPv4",
                "public_ip_address_id": "/subscriptions/a3d75c10-c135-4e6b-8f4e-f22711d010ef/resourceGroups/harishRG/providers/Microsoft.Network/publicIPAddresses/publicip_count-1",
                "subnet_id": "/subscriptions/a3d75c10-c135-4e6b-8f4e-f22711d010ef/resourceGroups/harishRG/providers/Microsoft.Network/virtualNetworks/harishvnet/subnets/harishsubnet"
              }
            ],
            "location": "eastus",
            "mac_address": "",
            "name": "nic_count-1",
            "private_ip_address": "190.162.2.6",
            "private_ip_addresses": [
              "190.162.2.6"
            ],
            "resource_group_name": "harishRG",
            "tags": null,
            "timeouts": null,
            "virtual_machine_id": ""
          },
          "sensitive_attributes": [],
          "private": "eyJlMmJmYjczMC1lY2FhLTExZTYtOGY4OC0zNDM2M2JjN2M0YzAiOnsiY3JlYXRlIjoxODAwMDAwMDAwMDAwLCJkZWxldGUiOjE4MDAwMDAwMDAwMDAsInJlYWQiOjMwMDAwMDAwMDAwMCwidXBkYXRlIjoxODAwMDAwMDAwMDAwfX0=",
          "dependencies": [
            "module.configuration1.azurerm_public_ip.publicip",
            "module.configuration2.azurerm_resource_group.harish",
            "module.configuration4.azurerm_subnet.vsub",
            "module.configuration4.azurerm_virtual_network.vnet"
          ]
        },
        {
          "index_key": 1,
          "schema_version": 0,
          "attributes": {
            "applied_dns_servers": [],
            "dns_servers": [],
            "edge_zone": "",
            "enable_accelerated_networking": false,
            "enable_ip_forwarding": false,
            "id": "/subscriptions/a3d75c10-c135-4e6b-8f4e-f22711d010ef/resourceGroups/harishRG/providers/Microsoft.Network/networkInterfaces/nic_count-2",
            "internal_dns_name_label": "",
            "internal_domain_name_suffix": "kdcif4vjyayexjnehjasxvuwmb.bx.internal.cloudapp.net",
            "ip_configuration": [
              {
                "gateway_load_balancer_frontend_ip_configuration_id": "",
                "name": "hariship",
                "primary": true,
                "private_ip_address": "190.162.2.5",
                "private_ip_address_allocation": "Dynamic",
                "private_ip_address_version": "IPv4",
                "public_ip_address_id": "/subscriptions/a3d75c10-c135-4e6b-8f4e-f22711d010ef/resourceGroups/harishRG/providers/Microsoft.Network/publicIPAddresses/publicip_count-2",
                "subnet_id": "/subscriptions/a3d75c10-c135-4e6b-8f4e-f22711d010ef/resourceGroups/harishRG/providers/Microsoft.Network/virtualNetworks/harishvnet/subnets/harishsubnet"
              }
            ],
            "location": "eastus",
            "mac_address": "",
            "name": "nic_count-2",
            "private_ip_address": "190.162.2.5",
            "private_ip_addresses": [
              "190.162.2.5"
            ],
            "resource_group_name": "harishRG",
            "tags": null,
            "timeouts": null,
            "virtual_machine_id": ""
          },
          "sensitive_attributes": [],
          "private": "eyJlMmJmYjczMC1lY2FhLTExZTYtOGY4OC0zNDM2M2JjN2M0YzAiOnsiY3JlYXRlIjoxODAwMDAwMDAwMDAwLCJkZWxldGUiOjE4MDAwMDAwMDAwMDAsInJlYWQiOjMwMDAwMDAwMDAwMCwidXBkYXRlIjoxODAwMDAwMDAwMDAwfX0=",
          "dependencies": [
            "module.configuration1.azurerm_public_ip.publicip",
            "module.configuration2.azurerm_resource_group.harish",
            "module.configuration4.azurerm_subnet.vsub",
            "module.configuration4.azurerm_virtual_network.vnet"
          ]
        },
        {
          "index_key": 2,
          "schema_version": 0,
          "attributes": {
            "applied_dns_servers": [],
            "dns_servers": [],
            "edge_zone": "",
            "enable_accelerated_networking": false,
            "enable_ip_forwarding": false,
            "id": "/subscriptions/a3d75c10-c135-4e6b-8f4e-f22711d010ef/resourceGroups/harishRG/providers/Microsoft.Network/networkInterfaces/nic_count-3",
            "internal_dns_name_label": "",
            "internal_domain_name_suffix": "kdcif4vjyayexjnehjasxvuwmb.bx.internal.cloudapp.net",
            "ip_configuration": [
              {
                "gateway_load_balancer_frontend_ip_configuration_id": "",
                "name": "hariship",
                "primary": true,
                "private_ip_address": "190.162.2.4",
                "private_ip_address_allocation": "Dynamic",
                "private_ip_address_version": "IPv4",
                "public_ip_address_id": "/subscriptions/a3d75c10-c135-4e6b-8f4e-f22711d010ef/resourceGroups/harishRG/providers/Microsoft.Network/publicIPAddresses/publicip_count-3",
                "subnet_id": "/subscriptions/a3d75c10-c135-4e6b-8f4e-f22711d010ef/resourceGroups/harishRG/providers/Microsoft.Network/virtualNetworks/harishvnet/subnets/harishsubnet"
              }
            ],
            "location": "eastus",
            "mac_address": "",
            "name": "nic_count-3",
            "private_ip_address": "190.162.2.4",
            "private_ip_addresses": [
              "190.162.2.4"
            ],
            "resource_group_name": "harishRG",
            "tags": null,
            "timeouts": null,
            "virtual_machine_id": ""
          },
          "sensitive_attributes": [],
          "private": "eyJlMmJmYjczMC1lY2FhLTExZTYtOGY4OC0zNDM2M2JjN2M0YzAiOnsiY3JlYXRlIjoxODAwMDAwMDAwMDAwLCJkZWxldGUiOjE4MDAwMDAwMDAwMDAsInJlYWQiOjMwMDAwMDAwMDAwMCwidXBkYXRlIjoxODAwMDAwMDAwMDAwfX0=",
          "dependencies": [
            "module.configuration1.azurerm_public_ip.publicip",
            "module.configuration2.azurerm_resource_group.harish",
            "module.configuration4.azurerm_subnet.vsub",
            "module.configuration4.azurerm_virtual_network.vnet"
          ]
        }
      ]
    },
    {
      "module": "module.configuration1",
      "mode": "managed",
      "type": "azurerm_public_ip",
      "name": "publicip",
      "provider": "provider[\"registry.terraform.io/hashicorp/azurerm\"]",
      "instances": [
        {
          "index_key": 0,
          "schema_version": 0,
          "attributes": {
            "allocation_method": "Dynamic",
            "domain_name_label": null,
            "edge_zone": "",
            "fqdn": null,
            "id": "/subscriptions/a3d75c10-c135-4e6b-8f4e-f22711d010ef/resourceGroups/harishRG/providers/Microsoft.Network/publicIPAddresses/publicip_count-1",
            "idle_timeout_in_minutes": 4,
            "ip_address": "",
            "ip_tags": null,
            "ip_version": "IPv4",
            "location": "eastus",
            "name": "publicip_count-1",
            "public_ip_prefix_id": null,
            "resource_group_name": "harishRG",
            "reverse_fqdn": null,
            "sku": "Basic",
            "sku_tier": "Regional",
            "tags": {
              "environment": "Production-1"
            },
            "timeouts": null,
            "zones": null
          },
          "sensitive_attributes": [],
          "private": "eyJlMmJmYjczMC1lY2FhLTExZTYtOGY4OC0zNDM2M2JjN2M0YzAiOnsiY3JlYXRlIjoxODAwMDAwMDAwMDAwLCJkZWxldGUiOjE4MDAwMDAwMDAwMDAsInJlYWQiOjMwMDAwMDAwMDAwMCwidXBkYXRlIjoxODAwMDAwMDAwMDAwfX0=",
          "dependencies": [
            "module.configuration2.azurerm_resource_group.harish"
          ]
        },
        {
          "index_key": 1,
          "schema_version": 0,
          "attributes": {
            "allocation_method": "Dynamic",
            "domain_name_label": null,
            "edge_zone": "",
            "fqdn": null,
            "id": "/subscriptions/a3d75c10-c135-4e6b-8f4e-f22711d010ef/resourceGroups/harishRG/providers/Microsoft.Network/publicIPAddresses/publicip_count-2",
            "idle_timeout_in_minutes": 4,
            "ip_address": "",
            "ip_tags": null,
            "ip_version": "IPv4",
            "location": "eastus",
            "name": "publicip_count-2",
            "public_ip_prefix_id": null,
            "resource_group_name": "harishRG",
            "reverse_fqdn": null,
            "sku": "Basic",
            "sku_tier": "Regional",
            "tags": {
              "environment": "Production-2"
            },
            "timeouts": null,
            "zones": null
          },
          "sensitive_attributes": [],
          "private": "eyJlMmJmYjczMC1lY2FhLTExZTYtOGY4OC0zNDM2M2JjN2M0YzAiOnsiY3JlYXRlIjoxODAwMDAwMDAwMDAwLCJkZWxldGUiOjE4MDAwMDAwMDAwMDAsInJlYWQiOjMwMDAwMDAwMDAwMCwidXBkYXRlIjoxODAwMDAwMDAwMDAwfX0=",
          "dependencies": [
            "module.configuration2.azurerm_resource_group.harish"
          ]
        },
        {
          "index_key": 2,
          "schema_version": 0,
          "attributes": {
            "allocation_method": "Dynamic",
            "domain_name_label": null,
            "edge_zone": "",
            "fqdn": null,
            "id": "/subscriptions/a3d75c10-c135-4e6b-8f4e-f22711d010ef/resourceGroups/harishRG/providers/Microsoft.Network/publicIPAddresses/publicip_count-3",
            "idle_timeout_in_minutes": 4,
            "ip_address": "",
            "ip_tags": null,
            "ip_version": "IPv4",
            "location": "eastus",
            "name": "publicip_count-3",
            "public_ip_prefix_id": null,
            "resource_group_name": "harishRG",
            "reverse_fqdn": null,
            "sku": "Basic",
            "sku_tier": "Regional",
            "tags": {
              "environment": "Production-3"
            },
            "timeouts": null,
            "zones": null
          },
          "sensitive_attributes": [],
          "private": "eyJlMmJmYjczMC1lY2FhLTExZTYtOGY4OC0zNDM2M2JjN2M0YzAiOnsiY3JlYXRlIjoxODAwMDAwMDAwMDAwLCJkZWxldGUiOjE4MDAwMDAwMDAwMDAsInJlYWQiOjMwMDAwMDAwMDAwMCwidXBkYXRlIjoxODAwMDAwMDAwMDAwfX0=",
          "dependencies": [
            "module.configuration2.azurerm_resource_group.harish"
          ]
        }
      ]
    },
    {
      "module": "module.configuration2",
      "mode": "managed",
      "type": "azurerm_resource_group",
      "name": "harish",
      "provider": "provider[\"registry.terraform.io/hashicorp/azurerm\"]",
      "instances": [
        {
          "schema_version": 0,
          "attributes": {
            "id": "/subscriptions/a3d75c10-c135-4e6b-8f4e-f22711d010ef/resourceGroups/harishRG",
            "location": "eastus",
            "name": "harishRG",
            "tags": null,
            "timeouts": null
          },
          "sensitive_attributes": [],
          "private": "eyJlMmJmYjczMC1lY2FhLTExZTYtOGY4OC0zNDM2M2JjN2M0YzAiOnsiY3JlYXRlIjo1NDAwMDAwMDAwMDAwLCJkZWxldGUiOjU0MDAwMDAwMDAwMDAsInJlYWQiOjMwMDAwMDAwMDAwMCwidXBkYXRlIjo1NDAwMDAwMDAwMDAwfX0="
        }
      ]
    },
    {
      "module": "module.configuration3",
      "mode": "managed",
      "type": "azurerm_windows_virtual_machine",
      "name": "vmcount",
      "provider": "provider[\"registry.terraform.io/hashicorp/azurerm\"]",
      "instances": [
        {
          "index_key": 0,
          "schema_version": 0,
          "attributes": {
            "additional_capabilities": [],
            "additional_unattend_content": [],
            "admin_password": "webharish@2022",
            "admin_username": "harishweb1",
            "allow_extension_operations": true,
            "availability_set_id": "",
            "boot_diagnostics": [],
            "computer_name": "satyavmcount-1",
            "custom_data": null,
            "dedicated_host_group_id": "",
            "dedicated_host_id": "",
            "edge_zone": "",
            "enable_automatic_updates": true,
            "encryption_at_host_enabled": false,
            "eviction_policy": "",
            "extensions_time_budget": "PT1H30M",
            "hotpatching_enabled": false,
            "id": "/subscriptions/a3d75c10-c135-4e6b-8f4e-f22711d010ef/resourceGroups/harishRG/providers/Microsoft.Compute/virtualMachines/satyavmcount-1",
            "identity": [],
            "license_type": "",
            "location": "eastus",
            "max_bid_price": -1,
            "name": "satyavmcount-1",
            "network_interface_ids": [
              "/subscriptions/a3d75c10-c135-4e6b-8f4e-f22711d010ef/resourceGroups/harishRG/providers/Microsoft.Network/networkInterfaces/nic_count-1"
            ],
            "os_disk": [
              {
                "caching": "ReadWrite",
                "diff_disk_settings": [],
                "disk_encryption_set_id": "",
                "disk_size_gb": 127,
                "name": "satyavmcount-1_OsDisk_1_f3ba49404bb442e8b8a915859621cbca",
                "storage_account_type": "Standard_LRS",
                "write_accelerator_enabled": false
              }
            ],
            "patch_mode": "AutomaticByOS",
            "plan": [],
            "platform_fault_domain": -1,
            "priority": "Regular",
            "private_ip_address": "190.162.2.6",
            "private_ip_addresses": [
              "190.162.2.6"
            ],
            "provision_vm_agent": true,
            "proximity_placement_group_id": "",
            "public_ip_address": "13.82.98.124",
            "public_ip_addresses": [
              "13.82.98.124"
            ],
            "resource_group_name": "harishRG",
            "secret": [],
            "secure_boot_enabled": false,
            "size": "Standard_F2",
            "source_image_id": "",
            "source_image_reference": [
              {
                "offer": "windowsserver",
                "publisher": "microsoftwindowsserver",
                "sku": "2016-datacenter",
                "version": "latest"
              }
            ],
            "tags": null,
            "termination_notification": null,
            "timeouts": null,
            "timezone": "",
            "user_data": "",
            "virtual_machine_id": "200f8b3b-daee-4c20-844e-94dd14afa89f",
            "virtual_machine_scale_set_id": "",
            "vtpm_enabled": false,
            "winrm_listener": [],
            "zone": ""
          },
          "sensitive_attributes": [],
          "private": "eyJlMmJmYjczMC1lY2FhLTExZTYtOGY4OC0zNDM2M2JjN2M0YzAiOnsiY3JlYXRlIjoyNzAwMDAwMDAwMDAwLCJkZWxldGUiOjI3MDAwMDAwMDAwMDAsInJlYWQiOjMwMDAwMDAwMDAwMCwidXBkYXRlIjoyNzAwMDAwMDAwMDAwfX0=",
          "dependencies": [
            "module.configuration1.azurerm_network_interface.nic",
            "module.configuration1.azurerm_public_ip.publicip",
            "module.configuration2.azurerm_resource_group.harish",
            "module.configuration4.azurerm_subnet.vsub",
            "module.configuration4.azurerm_virtual_network.vnet"
          ]
        },
        {
          "index_key": 1,
          "schema_version": 0,
          "attributes": {
            "additional_capabilities": [],
            "additional_unattend_content": [],
            "admin_password": "webharish@2022",
            "admin_username": "harishweb1",
            "allow_extension_operations": true,
            "availability_set_id": "",
            "boot_diagnostics": [],
            "computer_name": "satyavmcount-2",
            "custom_data": null,
            "dedicated_host_group_id": "",
            "dedicated_host_id": "",
            "edge_zone": "",
            "enable_automatic_updates": true,
            "encryption_at_host_enabled": false,
            "eviction_policy": "",
            "extensions_time_budget": "PT1H30M",
            "hotpatching_enabled": false,
            "id": "/subscriptions/a3d75c10-c135-4e6b-8f4e-f22711d010ef/resourceGroups/harishRG/providers/Microsoft.Compute/virtualMachines/satyavmcount-2",
            "identity": [],
            "license_type": "",
            "location": "eastus",
            "max_bid_price": -1,
            "name": "satyavmcount-2",
            "network_interface_ids": [
              "/subscriptions/a3d75c10-c135-4e6b-8f4e-f22711d010ef/resourceGroups/harishRG/providers/Microsoft.Network/networkInterfaces/nic_count-2"
            ],
            "os_disk": [
              {
                "caching": "ReadWrite",
                "diff_disk_settings": [],
                "disk_encryption_set_id": "",
                "disk_size_gb": 127,
                "name": "satyavmcount-2_OsDisk_1_d6def174fde047b296d645a40f03d7f0",
                "storage_account_type": "Standard_LRS",
                "write_accelerator_enabled": false
              }
            ],
            "patch_mode": "AutomaticByOS",
            "plan": [],
            "platform_fault_domain": -1,
            "priority": "Regular",
            "private_ip_address": "190.162.2.5",
            "private_ip_addresses": [
              "190.162.2.5"
            ],
            "provision_vm_agent": true,
            "proximity_placement_group_id": "",
            "public_ip_address": "13.82.98.135",
            "public_ip_addresses": [
              "13.82.98.135"
            ],
            "resource_group_name": "harishRG",
            "secret": [],
            "secure_boot_enabled": false,
            "size": "Standard_F2",
            "source_image_id": "",
            "source_image_reference": [
              {
                "offer": "windowsserver",
                "publisher": "microsoftwindowsserver",
                "sku": "2016-datacenter",
                "version": "latest"
              }
            ],
            "tags": null,
            "termination_notification": null,
            "timeouts": null,
            "timezone": "",
            "user_data": "",
            "virtual_machine_id": "e1b64ba7-7d7b-4d3e-aebc-8390ebc4c3ce",
            "virtual_machine_scale_set_id": "",
            "vtpm_enabled": false,
            "winrm_listener": [],
            "zone": ""
          },
          "sensitive_attributes": [],
          "private": "eyJlMmJmYjczMC1lY2FhLTExZTYtOGY4OC0zNDM2M2JjN2M0YzAiOnsiY3JlYXRlIjoyNzAwMDAwMDAwMDAwLCJkZWxldGUiOjI3MDAwMDAwMDAwMDAsInJlYWQiOjMwMDAwMDAwMDAwMCwidXBkYXRlIjoyNzAwMDAwMDAwMDAwfX0=",
          "dependencies": [
            "module.configuration1.azurerm_network_interface.nic",
            "module.configuration1.azurerm_public_ip.publicip",
            "module.configuration2.azurerm_resource_group.harish",
            "module.configuration4.azurerm_subnet.vsub",
            "module.configuration4.azurerm_virtual_network.vnet"
          ]
        },
        {
          "index_key": 2,
          "schema_version": 0,
          "attributes": {
            "additional_capabilities": [],
            "additional_unattend_content": [],
            "admin_password": "webharish@2022",
            "admin_username": "harishweb1",
            "allow_extension_operations": true,
            "availability_set_id": "",
            "boot_diagnostics": [],
            "computer_name": "satyavmcount-3",
            "custom_data": null,
            "dedicated_host_group_id": "",
            "dedicated_host_id": "",
            "edge_zone": "",
            "enable_automatic_updates": true,
            "encryption_at_host_enabled": false,
            "eviction_policy": "",
            "extensions_time_budget": "PT1H30M",
            "hotpatching_enabled": false,
            "id": "/subscriptions/a3d75c10-c135-4e6b-8f4e-f22711d010ef/resourceGroups/harishRG/providers/Microsoft.Compute/virtualMachines/satyavmcount-3",
            "identity": [],
            "license_type": "",
            "location": "eastus",
            "max_bid_price": -1,
            "name": "satyavmcount-3",
            "network_interface_ids": [
              "/subscriptions/a3d75c10-c135-4e6b-8f4e-f22711d010ef/resourceGroups/harishRG/providers/Microsoft.Network/networkInterfaces/nic_count-3"
            ],
            "os_disk": [
              {
                "caching": "ReadWrite",
                "diff_disk_settings": [],
                "disk_encryption_set_id": "",
                "disk_size_gb": 127,
                "name": "satyavmcount-3_OsDisk_1_19ac529b37954612826b621928543200",
                "storage_account_type": "Standard_LRS",
                "write_accelerator_enabled": false
              }
            ],
            "patch_mode": "AutomaticByOS",
            "plan": [],
            "platform_fault_domain": -1,
            "priority": "Regular",
            "private_ip_address": "190.162.2.4",
            "private_ip_addresses": [
              "190.162.2.4"
            ],
            "provision_vm_agent": true,
            "proximity_placement_group_id": "",
            "public_ip_address": "13.82.98.144",
            "public_ip_addresses": [
              "13.82.98.144"
            ],
            "resource_group_name": "harishRG",
            "secret": [],
            "secure_boot_enabled": false,
            "size": "Standard_F2",
            "source_image_id": "",
            "source_image_reference": [
              {
                "offer": "windowsserver",
                "publisher": "microsoftwindowsserver",
                "sku": "2016-datacenter",
                "version": "latest"
              }
            ],
            "tags": null,
            "termination_notification": null,
            "timeouts": null,
            "timezone": "",
            "user_data": "",
            "virtual_machine_id": "8d41a756-8b73-4b6f-a9c8-8f1943b4e9f7",
            "virtual_machine_scale_set_id": "",
            "vtpm_enabled": false,
            "winrm_listener": [],
            "zone": ""
          },
          "sensitive_attributes": [],
          "private": "eyJlMmJmYjczMC1lY2FhLTExZTYtOGY4OC0zNDM2M2JjN2M0YzAiOnsiY3JlYXRlIjoyNzAwMDAwMDAwMDAwLCJkZWxldGUiOjI3MDAwMDAwMDAwMDAsInJlYWQiOjMwMDAwMDAwMDAwMCwidXBkYXRlIjoyNzAwMDAwMDAwMDAwfX0=",
          "dependencies": [
            "module.configuration1.azurerm_network_interface.nic",
            "module.configuration1.azurerm_public_ip.publicip",
            "module.configuration2.azurerm_resource_group.harish",
            "module.configuration4.azurerm_subnet.vsub",
            "module.configuration4.azurerm_virtual_network.vnet"
          ]
        }
      ]
    },
    {
      "module": "module.configuration4",
      "mode": "managed",
      "type": "azurerm_subnet",
      "name": "vsub",
      "provider": "provider[\"registry.terraform.io/hashicorp/azurerm\"]",
      "instances": [
        {
          "schema_version": 0,
          "attributes": {
            "address_prefixes": [
              "190.162.2.0/24"
            ],
            "delegation": [],
            "enforce_private_link_endpoint_network_policies": false,
            "enforce_private_link_service_network_policies": false,
            "id": "/subscriptions/a3d75c10-c135-4e6b-8f4e-f22711d010ef/resourceGroups/harishRG/providers/Microsoft.Network/virtualNetworks/harishvnet/subnets/harishsubnet",
            "name": "harishsubnet",
            "resource_group_name": "harishRG",
            "service_endpoint_policy_ids": null,
            "service_endpoints": null,
            "timeouts": null,
            "virtual_network_name": "harishvnet"
          },
          "sensitive_attributes": [],
          "private": "eyJlMmJmYjczMC1lY2FhLTExZTYtOGY4OC0zNDM2M2JjN2M0YzAiOnsiY3JlYXRlIjoxODAwMDAwMDAwMDAwLCJkZWxldGUiOjE4MDAwMDAwMDAwMDAsInJlYWQiOjMwMDAwMDAwMDAwMCwidXBkYXRlIjoxODAwMDAwMDAwMDAwfX0=",
          "dependencies": [
            "module.configuration2.azurerm_resource_group.harish",
            "module.configuration4.azurerm_virtual_network.vnet"
          ]
        }
      ]
    },
    {
      "module": "module.configuration4",
      "mode": "managed",
      "type": "azurerm_virtual_network",
      "name": "vnet",
      "provider": "provider[\"registry.terraform.io/hashicorp/azurerm\"]",
      "instances": [
        {
          "schema_version": 0,
          "attributes": {
            "address_space": [
              "190.162.0.0/16"
            ],
            "bgp_community": "",
            "ddos_protection_plan": [],
            "dns_servers": [],
            "edge_zone": "",
            "flow_timeout_in_minutes": 0,
            "guid": "fa82c450-c0a9-4b30-a5a4-3a412bd69661",
            "id": "/subscriptions/a3d75c10-c135-4e6b-8f4e-f22711d010ef/resourceGroups/harishRG/providers/Microsoft.Network/virtualNetworks/harishvnet",
            "location": "eastus",
            "name": "harishvnet",
            "resource_group_name": "harishRG",
            "subnet": [],
            "tags": null,
            "timeouts": null
          },
          "sensitive_attributes": [],
          "private": "eyJlMmJmYjczMC1lY2FhLTExZTYtOGY4OC0zNDM2M2JjN2M0YzAiOnsiY3JlYXRlIjoxODAwMDAwMDAwMDAwLCJkZWxldGUiOjE4MDAwMDAwMDAwMDAsInJlYWQiOjMwMDAwMDAwMDAwMCwidXBkYXRlIjoxODAwMDAwMDAwMDAwfX0=",
          "dependencies": [
            "module.configuration2.azurerm_resource_group.harish"
          ]
        }
      ]
    },
    {
      "module": "module.configuration5",
      "mode": "managed",
      "type": "azurerm_network_security_group",
      "name": "harish_security",
      "provider": "provider[\"registry.terraform.io/hashicorp/azurerm\"]",
      "instances": [
        {
          "schema_version": 0,
          "attributes": {
            "id": "/subscriptions/a3d75c10-c135-4e6b-8f4e-f22711d010ef/resourceGroups/harishRG/providers/Microsoft.Network/networkSecurityGroups/harish_security_group",
            "location": "eastus",
            "name": "harish_security_group",
            "resource_group_name": "harishRG",
            "security_rule": [
              {
                "access": "Allow",
                "description": "",
                "destination_address_prefix": "*",
                "destination_address_prefixes": [],
                "destination_application_security_group_ids": [],
                "destination_port_range": "*",
                "destination_port_ranges": [],
                "direction": "Inbound",
                "name": "harish_security_rule",
                "priority": 100,
                "protocol": "Tcp",
                "source_address_prefix": "*",
                "source_address_prefixes": [],
                "source_application_security_group_ids": [],
                "source_port_range": "*",
                "source_port_ranges": []
              }
            ],
            "tags": null,
            "timeouts": null
          },
          "sensitive_attributes": [],
          "private": "eyJlMmJmYjczMC1lY2FhLTExZTYtOGY4OC0zNDM2M2JjN2M0YzAiOnsiY3JlYXRlIjoxODAwMDAwMDAwMDAwLCJkZWxldGUiOjE4MDAwMDAwMDAwMDAsInJlYWQiOjMwMDAwMDAwMDAwMCwidXBkYXRlIjoxODAwMDAwMDAwMDAwfX0=",
          "dependencies": [
            "module.configuration2.azurerm_resource_group.harish"
          ]
        }
      ]
    },
    {
      "module": "module.configuration5",
      "mode": "managed",
      "type": "azurerm_subnet_network_security_group_association",
      "name": "harish_security",
      "provider": "provider[\"registry.terraform.io/hashicorp/azurerm\"]",
      "instances": [
        {
          "schema_version": 0,
          "attributes": {
            "id": "/subscriptions/a3d75c10-c135-4e6b-8f4e-f22711d010ef/resourceGroups/harishRG/providers/Microsoft.Network/virtualNetworks/harishvnet/subnets/harishsubnet",
            "network_security_group_id": "/subscriptions/a3d75c10-c135-4e6b-8f4e-f22711d010ef/resourceGroups/harishRG/providers/Microsoft.Network/networkSecurityGroups/harish_security_group",
            "subnet_id": "/subscriptions/a3d75c10-c135-4e6b-8f4e-f22711d010ef/resourceGroups/harishRG/providers/Microsoft.Network/virtualNetworks/harishvnet/subnets/harishsubnet",
            "timeouts": null
          },
          "sensitive_attributes": [],
          "private": "eyJlMmJmYjczMC1lY2FhLTExZTYtOGY4OC0zNDM2M2JjN2M0YzAiOnsiY3JlYXRlIjoxODAwMDAwMDAwMDAwLCJkZWxldGUiOjE4MDAwMDAwMDAwMDAsInJlYWQiOjMwMDAwMDAwMDAwMCwidXBkYXRlIjoxODAwMDAwMDAwMDAwfX0=",
          "dependencies": [
            "module.configuration2.azurerm_resource_group.harish",
            "module.configuration4.azurerm_subnet.vsub",
            "module.configuration4.azurerm_virtual_network.vnet",
            "module.configuration5.azurerm_network_security_group.harish_security"
          ]
        }
      ]
    }
  ]
}
